// !$*UTF8*$!
{
	archiveVersion = 1;
	classes = {
	};
	objectVersion = 55;
	objects = {

/* Begin PBXBuildFile section */
		02280D3028A5F112008EA27A /* HomeVC.swift in Sources */ = {isa = PBXBuildFile; fileRef = 02280D2E28A5F112008EA27A /* HomeVC.swift */; };
		02280D3128A5F112008EA27A /* HomeVC.xib in Resources */ = {isa = PBXBuildFile; fileRef = 02280D2F28A5F112008EA27A /* HomeVC.xib */; };
		02280D3328A5F420008EA27A /* Constant.swift in Sources */ = {isa = PBXBuildFile; fileRef = 02280D3228A5F420008EA27A /* Constant.swift */; };
		02280D3728A60443008EA27A /* UserCell.swift in Sources */ = {isa = PBXBuildFile; fileRef = 02280D3528A60443008EA27A /* UserCell.swift */; };
		02280D3828A60443008EA27A /* UserCell.xib in Resources */ = {isa = PBXBuildFile; fileRef = 02280D3628A60443008EA27A /* UserCell.xib */; };
		02280D3B28A60710008EA27A /* SDWebImage in Frameworks */ = {isa = PBXBuildFile; productRef = 02280D3A28A60710008EA27A /* SDWebImage */; };
		02280D3E28A64872008EA27A /* ChatVC.swift in Sources */ = {isa = PBXBuildFile; fileRef = 02280D3C28A64872008EA27A /* ChatVC.swift */; };
		02280D3F28A64872008EA27A /* ChatVC.xib in Resources */ = {isa = PBXBuildFile; fileRef = 02280D3D28A64872008EA27A /* ChatVC.xib */; };
		02280D4228A64983008EA27A /* MessageKit in Frameworks */ = {isa = PBXBuildFile; productRef = 02280D4128A64983008EA27A /* MessageKit */; };
		02280D4428A64A12008EA27A /* Message.swift in Sources */ = {isa = PBXBuildFile; fileRef = 02280D4328A64A12008EA27A /* Message.swift */; };
		02280D4728A65F23008EA27A /* InputBarAccessoryView in Frameworks */ = {isa = PBXBuildFile; productRef = 02280D4628A65F23008EA27A /* InputBarAccessoryView */; };
		02280D4928A780AC008EA27A /* Todo in Resources */ = {isa = PBXBuildFile; fileRef = 02280D4828A780AC008EA27A /* Todo */; };
		027B0AC728B3815500512DC5 /* Location.swift in Sources */ = {isa = PBXBuildFile; fileRef = 027B0AC628B3815500512DC5 /* Location.swift */; };
		027B0AC928B3824E00512DC5 /* LocationPickerVC.swift in Sources */ = {isa = PBXBuildFile; fileRef = 027B0AC828B3824E00512DC5 /* LocationPickerVC.swift */; };
		027B0ACC28B3D71200512DC5 /* AudioRecorderVC.swift in Sources */ = {isa = PBXBuildFile; fileRef = 027B0ACA28B3D71200512DC5 /* AudioRecorderVC.swift */; };
		027B0ACF28B48BB300512DC5 /* Audio.swift in Sources */ = {isa = PBXBuildFile; fileRef = 027B0ACE28B48BB300512DC5 /* Audio.swift */; };
		027B0AD128B4A72100512DC5 /* AudioController.swift in Sources */ = {isa = PBXBuildFile; fileRef = 027B0AD028B4A72100512DC5 /* AudioController.swift */; };
		02A8788E28AAA73F00C4CB2D /* ProfileVC.swift in Sources */ = {isa = PBXBuildFile; fileRef = 02A8788C28AAA73F00C4CB2D /* ProfileVC.swift */; };
		02A8788F28AAA73F00C4CB2D /* ProfileVC.xib in Resources */ = {isa = PBXBuildFile; fileRef = 02A8788D28AAA73F00C4CB2D /* ProfileVC.xib */; };
		02A8789228AB888C00C4CB2D /* Util.swift in Sources */ = {isa = PBXBuildFile; fileRef = 02A8789128AB888C00C4CB2D /* Util.swift */; };
		02A8789428AB902200C4CB2D /* InfoView.swift in Sources */ = {isa = PBXBuildFile; fileRef = 02A8789328AB902200C4CB2D /* InfoView.swift */; };
		02A8789628ABB26700C4CB2D /* EditInfoAlert.swift in Sources */ = {isa = PBXBuildFile; fileRef = 02A8789528ABB26700C4CB2D /* EditInfoAlert.swift */; };
		02A8789A28AD0F0000C4CB2D /* YPImagePicker in Frameworks */ = {isa = PBXBuildFile; productRef = 02A8789928AD0F0000C4CB2D /* YPImagePicker */; };
		02A8789C28AD228500C4CB2D /* Media.swift in Sources */ = {isa = PBXBuildFile; fileRef = 02A8789B28AD228400C4CB2D /* Media.swift */; };
		02A8789F28AD460800C4CB2D /* ImageViewVC.swift in Sources */ = {isa = PBXBuildFile; fileRef = 02A8789D28AD460800C4CB2D /* ImageViewVC.swift */; };
		02A878A028AD460800C4CB2D /* ImageViewVC.xib in Resources */ = {isa = PBXBuildFile; fileRef = 02A8789E28AD460800C4CB2D /* ImageViewVC.xib */; };
		02A878AD28AE42F800C4CB2D /* VideoPlayer.swift in Sources */ = {isa = PBXBuildFile; fileRef = 02A878AC28AE42F800C4CB2D /* VideoPlayer.swift */; };
		02A878B228AE432F00C4CB2D /* PlayBackView.xib in Resources */ = {isa = PBXBuildFile; fileRef = 02A878B028AE432F00C4CB2D /* PlayBackView.xib */; };
		02A878B328AE432F00C4CB2D /* PlayBackView.swift in Sources */ = {isa = PBXBuildFile; fileRef = 02A878B128AE432F00C4CB2D /* PlayBackView.swift */; };
		02A878BB28AE447D00C4CB2D /* UIView+Extensions.swift in Sources */ = {isa = PBXBuildFile; fileRef = 02A878B728AE447D00C4CB2D /* UIView+Extensions.swift */; };
		02A878BC28AE447D00C4CB2D /* AVPlayer+Extensions.swift in Sources */ = {isa = PBXBuildFile; fileRef = 02A878B828AE447D00C4CB2D /* AVPlayer+Extensions.swift */; };
		02A878BD28AE447D00C4CB2D /* UIViewController+Extensions.swift in Sources */ = {isa = PBXBuildFile; fileRef = 02A878B928AE447D00C4CB2D /* UIViewController+Extensions.swift */; };
		02A878BE28AE447D00C4CB2D /* CMTime+Extensions.swift in Sources */ = {isa = PBXBuildFile; fileRef = 02A878BA28AE447D00C4CB2D /* CMTime+Extensions.swift */; };
		02A878BF28AE4E1400C4CB2D /* VideoPlayer.xib in Resources */ = {isa = PBXBuildFile; fileRef = 02A878AE28AE42FD00C4CB2D /* VideoPlayer.xib */; };
		02A878C228AE5CC900C4CB2D /* VideoViewVC.swift in Sources */ = {isa = PBXBuildFile; fileRef = 02A878C028AE5CC900C4CB2D /* VideoViewVC.swift */; };
		02A878C328AE5CC900C4CB2D /* VideoViewVC.xib in Resources */ = {isa = PBXBuildFile; fileRef = 02A878C128AE5CC900C4CB2D /* VideoViewVC.xib */; };
		02C7915D28A53D4800E3EE7B /* AppDelegate.swift in Sources */ = {isa = PBXBuildFile; fileRef = 02C7915C28A53D4800E3EE7B /* AppDelegate.swift */; };
		02C7915F28A53D4800E3EE7B /* SceneDelegate.swift in Sources */ = {isa = PBXBuildFile; fileRef = 02C7915E28A53D4800E3EE7B /* SceneDelegate.swift */; };
		02C7916428A53D4800E3EE7B /* Main.storyboard in Resources */ = {isa = PBXBuildFile; fileRef = 02C7916228A53D4800E3EE7B /* Main.storyboard */; };
		02C7916628A53D4800E3EE7B /* Assets.xcassets in Resources */ = {isa = PBXBuildFile; fileRef = 02C7916528A53D4800E3EE7B /* Assets.xcassets */; };
		02C7916928A53D4800E3EE7B /* LaunchScreen.storyboard in Resources */ = {isa = PBXBuildFile; fileRef = 02C7916728A53D4800E3EE7B /* LaunchScreen.storyboard */; };
		02C7918028A53ED800E3EE7B /* IQKeyboardManagerSwift in Frameworks */ = {isa = PBXBuildFile; productRef = 02C7917F28A53ED800E3EE7B /* IQKeyboardManagerSwift */; };
		02C7918428A53F8800E3EE7B /* BaseViewController.swift in Sources */ = {isa = PBXBuildFile; fileRef = 02C7918328A53F8800E3EE7B /* BaseViewController.swift */; };
		02C7918728A53FDC00E3EE7B /* NVActivityIndicatorView in Frameworks */ = {isa = PBXBuildFile; productRef = 02C7918628A53FDC00E3EE7B /* NVActivityIndicatorView */; };
		02C7918928A5405A00E3EE7B /* InitialScreenVC.swift in Sources */ = {isa = PBXBuildFile; fileRef = 02C7918828A5405A00E3EE7B /* InitialScreenVC.swift */; };
		02C7918B28A5441500E3EE7B /* RegisterVC.swift in Sources */ = {isa = PBXBuildFile; fileRef = 02C7918A28A5441500E3EE7B /* RegisterVC.swift */; };
		02C7918D28A5442000E3EE7B /* LoginVC.swift in Sources */ = {isa = PBXBuildFile; fileRef = 02C7918C28A5442000E3EE7B /* LoginVC.swift */; };
		02C7918F28A5447E00E3EE7B /* InputView.swift in Sources */ = {isa = PBXBuildFile; fileRef = 02C7918E28A5447E00E3EE7B /* InputView.swift */; };
		02C7919828A54F4C00E3EE7B /* LTHRadioButton in Frameworks */ = {isa = PBXBuildFile; productRef = 02C7919728A54F4C00E3EE7B /* LTHRadioButton */; };
		02C7919B28A551A800E3EE7B /* Toast in Frameworks */ = {isa = PBXBuildFile; productRef = 02C7919A28A551A800E3EE7B /* Toast */; };
		02C7919D28A55D8C00E3EE7B /* User.swift in Sources */ = {isa = PBXBuildFile; fileRef = 02C7919C28A55D8C00E3EE7B /* User.swift */; };
		02C791A128A5608500E3EE7B /* GoogleService-Info.plist in Resources */ = {isa = PBXBuildFile; fileRef = 02C791A028A5608500E3EE7B /* GoogleService-Info.plist */; };
		02C791A428A560D300E3EE7B /* FirebaseAnalytics in Frameworks */ = {isa = PBXBuildFile; productRef = 02C791A328A560D300E3EE7B /* FirebaseAnalytics */; };
		02C791A628A560D300E3EE7B /* FirebaseAuth in Frameworks */ = {isa = PBXBuildFile; productRef = 02C791A528A560D300E3EE7B /* FirebaseAuth */; };
		02C791A828A560D300E3EE7B /* FirebaseDatabase in Frameworks */ = {isa = PBXBuildFile; productRef = 02C791A728A560D300E3EE7B /* FirebaseDatabase */; };
		02C791AA28A560D300E3EE7B /* FirebaseStorage in Frameworks */ = {isa = PBXBuildFile; productRef = 02C791A928A560D300E3EE7B /* FirebaseStorage */; };
		02C791AC28A565DA00E3EE7B /* ForgotPasswordVC.swift in Sources */ = {isa = PBXBuildFile; fileRef = 02C791AB28A565DA00E3EE7B /* ForgotPasswordVC.swift */; };
/* End PBXBuildFile section */

/* Begin PBXFileReference section */
		02280D2E28A5F112008EA27A /* HomeVC.swift */ = {isa = PBXFileReference; lastKnownFileType = sourcecode.swift; path = HomeVC.swift; sourceTree = "<group>"; };
		02280D2F28A5F112008EA27A /* HomeVC.xib */ = {isa = PBXFileReference; lastKnownFileType = file.xib; path = HomeVC.xib; sourceTree = "<group>"; };
		02280D3228A5F420008EA27A /* Constant.swift */ = {isa = PBXFileReference; lastKnownFileType = sourcecode.swift; path = Constant.swift; sourceTree = "<group>"; };
		02280D3528A60443008EA27A /* UserCell.swift */ = {isa = PBXFileReference; lastKnownFileType = sourcecode.swift; path = UserCell.swift; sourceTree = "<group>"; };
		02280D3628A60443008EA27A /* UserCell.xib */ = {isa = PBXFileReference; lastKnownFileType = file.xib; path = UserCell.xib; sourceTree = "<group>"; };
		02280D3C28A64872008EA27A /* ChatVC.swift */ = {isa = PBXFileReference; lastKnownFileType = sourcecode.swift; path = ChatVC.swift; sourceTree = "<group>"; };
		02280D3D28A64872008EA27A /* ChatVC.xib */ = {isa = PBXFileReference; lastKnownFileType = file.xib; path = ChatVC.xib; sourceTree = "<group>"; };
		02280D4328A64A12008EA27A /* Message.swift */ = {isa = PBXFileReference; lastKnownFileType = sourcecode.swift; path = Message.swift; sourceTree = "<group>"; };
		02280D4828A780AC008EA27A /* Todo */ = {isa = PBXFileReference; lastKnownFileType = text; path = Todo; sourceTree = "<group>"; };
		027B0AC628B3815500512DC5 /* Location.swift */ = {isa = PBXFileReference; lastKnownFileType = sourcecode.swift; path = Location.swift; sourceTree = "<group>"; };
		027B0AC828B3824E00512DC5 /* LocationPickerVC.swift */ = {isa = PBXFileReference; lastKnownFileType = sourcecode.swift; path = LocationPickerVC.swift; sourceTree = "<group>"; };
		027B0ACA28B3D71200512DC5 /* AudioRecorderVC.swift */ = {isa = PBXFileReference; lastKnownFileType = sourcecode.swift; path = AudioRecorderVC.swift; sourceTree = "<group>"; };
		027B0ACE28B48BB300512DC5 /* Audio.swift */ = {isa = PBXFileReference; lastKnownFileType = sourcecode.swift; path = Audio.swift; sourceTree = "<group>"; };
		027B0AD028B4A72100512DC5 /* AudioController.swift */ = {isa = PBXFileReference; lastKnownFileType = sourcecode.swift; path = AudioController.swift; sourceTree = "<group>"; };
		02A8788C28AAA73F00C4CB2D /* ProfileVC.swift */ = {isa = PBXFileReference; lastKnownFileType = sourcecode.swift; path = ProfileVC.swift; sourceTree = "<group>"; };
		02A8788D28AAA73F00C4CB2D /* ProfileVC.xib */ = {isa = PBXFileReference; lastKnownFileType = file.xib; path = ProfileVC.xib; sourceTree = "<group>"; };
		02A8789128AB888C00C4CB2D /* Util.swift */ = {isa = PBXFileReference; lastKnownFileType = sourcecode.swift; path = Util.swift; sourceTree = "<group>"; };
		02A8789328AB902200C4CB2D /* InfoView.swift */ = {isa = PBXFileReference; lastKnownFileType = sourcecode.swift; path = InfoView.swift; sourceTree = "<group>"; };
		02A8789528ABB26700C4CB2D /* EditInfoAlert.swift */ = {isa = PBXFileReference; lastKnownFileType = sourcecode.swift; path = EditInfoAlert.swift; sourceTree = "<group>"; };
		02A8789B28AD228400C4CB2D /* Media.swift */ = {isa = PBXFileReference; lastKnownFileType = sourcecode.swift; path = Media.swift; sourceTree = "<group>"; };
		02A8789D28AD460800C4CB2D /* ImageViewVC.swift */ = {isa = PBXFileReference; lastKnownFileType = sourcecode.swift; path = ImageViewVC.swift; sourceTree = "<group>"; };
		02A8789E28AD460800C4CB2D /* ImageViewVC.xib */ = {isa = PBXFileReference; lastKnownFileType = file.xib; path = ImageViewVC.xib; sourceTree = "<group>"; };
		02A878AC28AE42F800C4CB2D /* VideoPlayer.swift */ = {isa = PBXFileReference; fileEncoding = 4; lastKnownFileType = sourcecode.swift; path = VideoPlayer.swift; sourceTree = "<group>"; };
		02A878AE28AE42FD00C4CB2D /* VideoPlayer.xib */ = {isa = PBXFileReference; lastKnownFileType = file.xib; path = VideoPlayer.xib; sourceTree = "<group>"; };
		02A878B028AE432F00C4CB2D /* PlayBackView.xib */ = {isa = PBXFileReference; fileEncoding = 4; lastKnownFileType = file.xib; path = PlayBackView.xib; sourceTree = "<group>"; };
		02A878B128AE432F00C4CB2D /* PlayBackView.swift */ = {isa = PBXFileReference; fileEncoding = 4; lastKnownFileType = sourcecode.swift; path = PlayBackView.swift; sourceTree = "<group>"; };
		02A878B728AE447D00C4CB2D /* UIView+Extensions.swift */ = {isa = PBXFileReference; fileEncoding = 4; lastKnownFileType = sourcecode.swift; path = "UIView+Extensions.swift"; sourceTree = "<group>"; };
		02A878B828AE447D00C4CB2D /* AVPlayer+Extensions.swift */ = {isa = PBXFileReference; fileEncoding = 4; lastKnownFileType = sourcecode.swift; path = "AVPlayer+Extensions.swift"; sourceTree = "<group>"; };
		02A878B928AE447D00C4CB2D /* UIViewController+Extensions.swift */ = {isa = PBXFileReference; fileEncoding = 4; lastKnownFileType = sourcecode.swift; path = "UIViewController+Extensions.swift"; sourceTree = "<group>"; };
		02A878BA28AE447D00C4CB2D /* CMTime+Extensions.swift */ = {isa = PBXFileReference; fileEncoding = 4; lastKnownFileType = sourcecode.swift; path = "CMTime+Extensions.swift"; sourceTree = "<group>"; };
		02A878C028AE5CC900C4CB2D /* VideoViewVC.swift */ = {isa = PBXFileReference; lastKnownFileType = sourcecode.swift; path = VideoViewVC.swift; sourceTree = "<group>"; };
		02A878C128AE5CC900C4CB2D /* VideoViewVC.xib */ = {isa = PBXFileReference; lastKnownFileType = file.xib; path = VideoViewVC.xib; sourceTree = "<group>"; };
		02C7915928A53D4800E3EE7B /* ChatAppIOS.app */ = {isa = PBXFileReference; explicitFileType = wrapper.application; includeInIndex = 0; path = ChatAppIOS.app; sourceTree = BUILT_PRODUCTS_DIR; };
		02C7915C28A53D4800E3EE7B /* AppDelegate.swift */ = {isa = PBXFileReference; lastKnownFileType = sourcecode.swift; path = AppDelegate.swift; sourceTree = "<group>"; };
		02C7915E28A53D4800E3EE7B /* SceneDelegate.swift */ = {isa = PBXFileReference; lastKnownFileType = sourcecode.swift; path = SceneDelegate.swift; sourceTree = "<group>"; };
		02C7916328A53D4800E3EE7B /* Base */ = {isa = PBXFileReference; lastKnownFileType = file.storyboard; name = Base; path = Base.lproj/Main.storyboard; sourceTree = "<group>"; };
		02C7916528A53D4800E3EE7B /* Assets.xcassets */ = {isa = PBXFileReference; lastKnownFileType = folder.assetcatalog; path = Assets.xcassets; sourceTree = "<group>"; };
		02C7916828A53D4800E3EE7B /* Base */ = {isa = PBXFileReference; lastKnownFileType = file.storyboard; name = Base; path = Base.lproj/LaunchScreen.storyboard; sourceTree = "<group>"; };
		02C7916A28A53D4800E3EE7B /* Info.plist */ = {isa = PBXFileReference; lastKnownFileType = text.plist.xml; path = Info.plist; sourceTree = "<group>"; };
		02C7918328A53F8800E3EE7B /* BaseViewController.swift */ = {isa = PBXFileReference; lastKnownFileType = sourcecode.swift; path = BaseViewController.swift; sourceTree = "<group>"; };
		02C7918828A5405A00E3EE7B /* InitialScreenVC.swift */ = {isa = PBXFileReference; lastKnownFileType = sourcecode.swift; path = InitialScreenVC.swift; sourceTree = "<group>"; };
		02C7918A28A5441500E3EE7B /* RegisterVC.swift */ = {isa = PBXFileReference; lastKnownFileType = sourcecode.swift; path = RegisterVC.swift; sourceTree = "<group>"; };
		02C7918C28A5442000E3EE7B /* LoginVC.swift */ = {isa = PBXFileReference; lastKnownFileType = sourcecode.swift; path = LoginVC.swift; sourceTree = "<group>"; };
		02C7918E28A5447E00E3EE7B /* InputView.swift */ = {isa = PBXFileReference; lastKnownFileType = sourcecode.swift; path = InputView.swift; sourceTree = "<group>"; };
		02C7919C28A55D8C00E3EE7B /* User.swift */ = {isa = PBXFileReference; lastKnownFileType = sourcecode.swift; path = User.swift; sourceTree = "<group>"; };
		02C791A028A5608500E3EE7B /* GoogleService-Info.plist */ = {isa = PBXFileReference; fileEncoding = 4; lastKnownFileType = text.plist.xml; path = "GoogleService-Info.plist"; sourceTree = "<group>"; };
		02C791AB28A565DA00E3EE7B /* ForgotPasswordVC.swift */ = {isa = PBXFileReference; lastKnownFileType = sourcecode.swift; path = ForgotPasswordVC.swift; sourceTree = "<group>"; };
/* End PBXFileReference section */

/* Begin PBXFrameworksBuildPhase section */
		02C7915628A53D4800E3EE7B /* Frameworks */ = {
			isa = PBXFrameworksBuildPhase;
			buildActionMask = 2147483647;
			files = (
				02C7919B28A551A800E3EE7B /* Toast in Frameworks */,
				02C791A628A560D300E3EE7B /* FirebaseAuth in Frameworks */,
				02C7918028A53ED800E3EE7B /* IQKeyboardManagerSwift in Frameworks */,
				02280D4728A65F23008EA27A /* InputBarAccessoryView in Frameworks */,
				02C7919828A54F4C00E3EE7B /* LTHRadioButton in Frameworks */,
				02C791A428A560D300E3EE7B /* FirebaseAnalytics in Frameworks */,
				02C791AA28A560D300E3EE7B /* FirebaseStorage in Frameworks */,
				02A8789A28AD0F0000C4CB2D /* YPImagePicker in Frameworks */,
				02280D3B28A60710008EA27A /* SDWebImage in Frameworks */,
				02C791A828A560D300E3EE7B /* FirebaseDatabase in Frameworks */,
				02C7918728A53FDC00E3EE7B /* NVActivityIndicatorView in Frameworks */,
				02280D4228A64983008EA27A /* MessageKit in Frameworks */,
			);
			runOnlyForDeploymentPostprocessing = 0;
		};
/* End PBXFrameworksBuildPhase section */

/* Begin PBXGroup section */
		02280D3428A60420008EA27A /* Cell */ = {
			isa = PBXGroup;
			children = (
				02280D3528A60443008EA27A /* UserCell.swift */,
				02280D3628A60443008EA27A /* UserCell.xib */,
			);
			path = Cell;
			sourceTree = "<group>";
		};
		027B0AD228B4D38700512DC5 /* AudioController */ = {
			isa = PBXGroup;
			children = (
				027B0AD028B4A72100512DC5 /* AudioController.swift */,
			);
			path = AudioController;
			sourceTree = "<group>";
		};
		02A8789028AB887C00C4CB2D /* Utility */ = {
			isa = PBXGroup;
			children = (
				02A8789128AB888C00C4CB2D /* Util.swift */,
			);
			path = Utility;
			sourceTree = "<group>";
		};
		02A878AB28AE42E700C4CB2D /* VideoPlayer */ = {
			isa = PBXGroup;
			children = (
				02A878AE28AE42FD00C4CB2D /* VideoPlayer.xib */,
				02A878AC28AE42F800C4CB2D /* VideoPlayer.swift */,
			);
			path = VideoPlayer;
			sourceTree = "<group>";
		};
		02A878AF28AE431400C4CB2D /* PlayBack */ = {
			isa = PBXGroup;
			children = (
				02A878B128AE432F00C4CB2D /* PlayBackView.swift */,
				02A878B028AE432F00C4CB2D /* PlayBackView.xib */,
			);
			path = PlayBack;
			sourceTree = "<group>";
		};
		02A878B628AE446A00C4CB2D /* Extensions */ = {
			isa = PBXGroup;
			children = (
				02A878B828AE447D00C4CB2D /* AVPlayer+Extensions.swift */,
				02A878BA28AE447D00C4CB2D /* CMTime+Extensions.swift */,
				02A878B728AE447D00C4CB2D /* UIView+Extensions.swift */,
				02A878B928AE447D00C4CB2D /* UIViewController+Extensions.swift */,
			);
			path = Extensions;
			sourceTree = "<group>";
		};
		02C7915028A53D4800E3EE7B = {
			isa = PBXGroup;
			children = (
				02C7915B28A53D4800E3EE7B /* ChatAppIOS */,
				02C7915A28A53D4800E3EE7B /* Products */,
			);
			sourceTree = "<group>";
		};
		02C7915A28A53D4800E3EE7B /* Products */ = {
			isa = PBXGroup;
			children = (
				02C7915928A53D4800E3EE7B /* ChatAppIOS.app */,
			);
			name = Products;
			sourceTree = "<group>";
		};
		02C7915B28A53D4800E3EE7B /* ChatAppIOS */ = {
			isa = PBXGroup;
			children = (
				027B0AD228B4D38700512DC5 /* AudioController */,
				02A878B628AE446A00C4CB2D /* Extensions */,
				02A878AF28AE431400C4CB2D /* PlayBack */,
				02A878AB28AE42E700C4CB2D /* VideoPlayer */,
				02A8789028AB887C00C4CB2D /* Utility */,
				02280D3428A60420008EA27A /* Cell */,
				02C7918128A53F3100E3EE7B /* Resources */,
				02C7918228A53F4900E3EE7B /* Custom View */,
				02C7917228A53D6200E3EE7B /* Controller */,
				02C7917128A53D5E00E3EE7B /* View */,
				02C7917028A53D5800E3EE7B /* Model */,
				02C7915C28A53D4800E3EE7B /* AppDelegate.swift */,
				02C7915E28A53D4800E3EE7B /* SceneDelegate.swift */,
				02C7916728A53D4800E3EE7B /* LaunchScreen.storyboard */,
				02C7916A28A53D4800E3EE7B /* Info.plist */,
				02C791A028A5608500E3EE7B /* GoogleService-Info.plist */,
				02280D3228A5F420008EA27A /* Constant.swift */,
				02280D4828A780AC008EA27A /* Todo */,
			);
			path = ChatAppIOS;
			sourceTree = "<group>";
		};
		02C7917028A53D5800E3EE7B /* Model */ = {
			isa = PBXGroup;
			children = (
				02C7919C28A55D8C00E3EE7B /* User.swift */,
				02280D4328A64A12008EA27A /* Message.swift */,
				02A8789B28AD228400C4CB2D /* Media.swift */,
				027B0AC628B3815500512DC5 /* Location.swift */,
				027B0ACE28B48BB300512DC5 /* Audio.swift */,
			);
			path = Model;
			sourceTree = "<group>";
		};
		02C7917128A53D5E00E3EE7B /* View */ = {
			isa = PBXGroup;
			children = (
				02280D2F28A5F112008EA27A /* HomeVC.xib */,
				02280D3D28A64872008EA27A /* ChatVC.xib */,
				02A8788D28AAA73F00C4CB2D /* ProfileVC.xib */,
				02A8789E28AD460800C4CB2D /* ImageViewVC.xib */,
				02A878C128AE5CC900C4CB2D /* VideoViewVC.xib */,
				02C7916228A53D4800E3EE7B /* Main.storyboard */,
			);
			path = View;
			sourceTree = "<group>";
		};
		02C7917228A53D6200E3EE7B /* Controller */ = {
			isa = PBXGroup;
			children = (
				02C7918328A53F8800E3EE7B /* BaseViewController.swift */,
				02C7918828A5405A00E3EE7B /* InitialScreenVC.swift */,
				02C7918A28A5441500E3EE7B /* RegisterVC.swift */,
				02C7918C28A5442000E3EE7B /* LoginVC.swift */,
				02C791AB28A565DA00E3EE7B /* ForgotPasswordVC.swift */,
				02280D2E28A5F112008EA27A /* HomeVC.swift */,
				02280D3C28A64872008EA27A /* ChatVC.swift */,
				02A8788C28AAA73F00C4CB2D /* ProfileVC.swift */,
				02A8789528ABB26700C4CB2D /* EditInfoAlert.swift */,
				02A8789D28AD460800C4CB2D /* ImageViewVC.swift */,
				02A878C028AE5CC900C4CB2D /* VideoViewVC.swift */,
				027B0AC828B3824E00512DC5 /* LocationPickerVC.swift */,
				027B0ACA28B3D71200512DC5 /* AudioRecorderVC.swift */,
			);
			path = Controller;
			sourceTree = "<group>";
		};
		02C7918128A53F3100E3EE7B /* Resources */ = {
			isa = PBXGroup;
			children = (
				02C7916528A53D4800E3EE7B /* Assets.xcassets */,
			);
			path = Resources;
			sourceTree = "<group>";
		};
		02C7918228A53F4900E3EE7B /* Custom View */ = {
			isa = PBXGroup;
			children = (
				02C7918E28A5447E00E3EE7B /* InputView.swift */,
				02A8789328AB902200C4CB2D /* InfoView.swift */,
			);
			path = "Custom View";
			sourceTree = "<group>";
		};
/* End PBXGroup section */

/* Begin PBXNativeTarget section */
		02C7915828A53D4800E3EE7B /* ChatAppIOS */ = {
			isa = PBXNativeTarget;
			buildConfigurationList = 02C7916D28A53D4800E3EE7B /* Build configuration list for PBXNativeTarget "ChatAppIOS" */;
			buildPhases = (
				02C7915528A53D4800E3EE7B /* Sources */,
				02C7915628A53D4800E3EE7B /* Frameworks */,
				02C7915728A53D4800E3EE7B /* Resources */,
			);
			buildRules = (
			);
			dependencies = (
			);
			name = ChatAppIOS;
			packageProductDependencies = (
				02C7917F28A53ED800E3EE7B /* IQKeyboardManagerSwift */,
				02C7918628A53FDC00E3EE7B /* NVActivityIndicatorView */,
				02C7919728A54F4C00E3EE7B /* LTHRadioButton */,
				02C7919A28A551A800E3EE7B /* Toast */,
				02C791A328A560D300E3EE7B /* FirebaseAnalytics */,
				02C791A528A560D300E3EE7B /* FirebaseAuth */,
				02C791A728A560D300E3EE7B /* FirebaseDatabase */,
				02C791A928A560D300E3EE7B /* FirebaseStorage */,
				02280D3A28A60710008EA27A /* SDWebImage */,
				02280D4128A64983008EA27A /* MessageKit */,
				02280D4628A65F23008EA27A /* InputBarAccessoryView */,
				02A8789928AD0F0000C4CB2D /* YPImagePicker */,
			);
			productName = ChatAppIOS;
			productReference = 02C7915928A53D4800E3EE7B /* ChatAppIOS.app */;
			productType = "com.apple.product-type.application";
		};
/* End PBXNativeTarget section */

/* Begin PBXProject section */
		02C7915128A53D4800E3EE7B /* Project object */ = {
			isa = PBXProject;
			attributes = {
				BuildIndependentTargetsInParallel = 1;
				LastSwiftUpdateCheck = 1340;
				LastUpgradeCheck = 1340;
				TargetAttributes = {
					02C7915828A53D4800E3EE7B = {
						CreatedOnToolsVersion = 13.4.1;
					};
				};
			};
			buildConfigurationList = 02C7915428A53D4800E3EE7B /* Build configuration list for PBXProject "ChatAppIOS" */;
			compatibilityVersion = "Xcode 13.0";
			developmentRegion = en;
			hasScannedForEncodings = 0;
			knownRegions = (
				en,
				Base,
			);
			mainGroup = 02C7915028A53D4800E3EE7B;
			packageReferences = (
				02C7917E28A53ED800E3EE7B /* XCRemoteSwiftPackageReference "IQKeyboardManager" */,
				02C7918528A53FDC00E3EE7B /* XCRemoteSwiftPackageReference "NVActivityIndicatorView" */,
				02C7919628A54F4C00E3EE7B /* XCRemoteSwiftPackageReference "LTHRadioButton" */,
				02C7919928A551A800E3EE7B /* XCRemoteSwiftPackageReference "Toast-Swift" */,
				02C791A228A560D300E3EE7B /* XCRemoteSwiftPackageReference "firebase-ios-sdk" */,
				02280D3928A60710008EA27A /* XCRemoteSwiftPackageReference "SDWebImage" */,
				02280D4028A64983008EA27A /* XCRemoteSwiftPackageReference "MessageKit" */,
				02280D4528A65F23008EA27A /* XCRemoteSwiftPackageReference "InputBarAccessoryView" */,
				02A8789828AD0F0000C4CB2D /* XCRemoteSwiftPackageReference "YPImagePicker" */,
			);
			productRefGroup = 02C7915A28A53D4800E3EE7B /* Products */;
			projectDirPath = "";
			projectRoot = "";
			targets = (
				02C7915828A53D4800E3EE7B /* ChatAppIOS */,
			);
		};
/* End PBXProject section */

/* Begin PBXResourcesBuildPhase section */
		02C7915728A53D4800E3EE7B /* Resources */ = {
			isa = PBXResourcesBuildPhase;
			buildActionMask = 2147483647;
			files = (
				02C7916928A53D4800E3EE7B /* LaunchScreen.storyboard in Resources */,
				02A8788F28AAA73F00C4CB2D /* ProfileVC.xib in Resources */,
				02A878A028AD460800C4CB2D /* ImageViewVC.xib in Resources */,
				02C791A128A5608500E3EE7B /* GoogleService-Info.plist in Resources */,
				02A878C328AE5CC900C4CB2D /* VideoViewVC.xib in Resources */,
				02280D4928A780AC008EA27A /* Todo in Resources */,
				02280D3F28A64872008EA27A /* ChatVC.xib in Resources */,
				02280D3828A60443008EA27A /* UserCell.xib in Resources */,
				02280D3128A5F112008EA27A /* HomeVC.xib in Resources */,
				02A878BF28AE4E1400C4CB2D /* VideoPlayer.xib in Resources */,
				02C7916628A53D4800E3EE7B /* Assets.xcassets in Resources */,
				02A878B228AE432F00C4CB2D /* PlayBackView.xib in Resources */,
				02C7916428A53D4800E3EE7B /* Main.storyboard in Resources */,
			);
			runOnlyForDeploymentPostprocessing = 0;
		};
/* End PBXResourcesBuildPhase section */

/* Begin PBXSourcesBuildPhase section */
		02C7915528A53D4800E3EE7B /* Sources */ = {
			isa = PBXSourcesBuildPhase;
			buildActionMask = 2147483647;
			files = (
				02A8789C28AD228500C4CB2D /* Media.swift in Sources */,
				02A8788E28AAA73F00C4CB2D /* ProfileVC.swift in Sources */,
				02A878BB28AE447D00C4CB2D /* UIView+Extensions.swift in Sources */,
				02C7918928A5405A00E3EE7B /* InitialScreenVC.swift in Sources */,
				02280D3028A5F112008EA27A /* HomeVC.swift in Sources */,
				02A8789228AB888C00C4CB2D /* Util.swift in Sources */,
				027B0AC928B3824E00512DC5 /* LocationPickerVC.swift in Sources */,
				027B0AC728B3815500512DC5 /* Location.swift in Sources */,
				02A8789428AB902200C4CB2D /* InfoView.swift in Sources */,
				02A878BE28AE447D00C4CB2D /* CMTime+Extensions.swift in Sources */,
				02A878B328AE432F00C4CB2D /* PlayBackView.swift in Sources */,
				02A878BC28AE447D00C4CB2D /* AVPlayer+Extensions.swift in Sources */,
				02A878C228AE5CC900C4CB2D /* VideoViewVC.swift in Sources */,
				027B0AD128B4A72100512DC5 /* AudioController.swift in Sources */,
				02A878AD28AE42F800C4CB2D /* VideoPlayer.swift in Sources */,
				02C7918D28A5442000E3EE7B /* LoginVC.swift in Sources */,
				02C7918428A53F8800E3EE7B /* BaseViewController.swift in Sources */,
				02C791AC28A565DA00E3EE7B /* ForgotPasswordVC.swift in Sources */,
				02C7918B28A5441500E3EE7B /* RegisterVC.swift in Sources */,
				02C7919D28A55D8C00E3EE7B /* User.swift in Sources */,
				027B0ACF28B48BB300512DC5 /* Audio.swift in Sources */,
				02A8789628ABB26700C4CB2D /* EditInfoAlert.swift in Sources */,
				02C7918F28A5447E00E3EE7B /* InputView.swift in Sources */,
				027B0ACC28B3D71200512DC5 /* AudioRecorderVC.swift in Sources */,
				02280D3728A60443008EA27A /* UserCell.swift in Sources */,
				02280D3328A5F420008EA27A /* Constant.swift in Sources */,
				02C7915D28A53D4800E3EE7B /* AppDelegate.swift in Sources */,
				02A878BD28AE447D00C4CB2D /* UIViewController+Extensions.swift in Sources */,
				02A8789F28AD460800C4CB2D /* ImageViewVC.swift in Sources */,
				02280D3E28A64872008EA27A /* ChatVC.swift in Sources */,
				02C7915F28A53D4800E3EE7B /* SceneDelegate.swift in Sources */,
				02280D4428A64A12008EA27A /* Message.swift in Sources */,
			);
			runOnlyForDeploymentPostprocessing = 0;
		};
/* End PBXSourcesBuildPhase section */

/* Begin PBXVariantGroup section */
		02C7916228A53D4800E3EE7B /* Main.storyboard */ = {
			isa = PBXVariantGroup;
			children = (
				02C7916328A53D4800E3EE7B /* Base */,
			);
			name = Main.storyboard;
			sourceTree = "<group>";
		};
		02C7916728A53D4800E3EE7B /* LaunchScreen.storyboard */ = {
			isa = PBXVariantGroup;
			children = (
				02C7916828A53D4800E3EE7B /* Base */,
			);
			name = LaunchScreen.storyboard;
			sourceTree = "<group>";
		};
/* End PBXVariantGroup section */

/* Begin XCBuildConfiguration section */
		02C7916B28A53D4800E3EE7B /* Debug */ = {
			isa = XCBuildConfiguration;
			buildSettings = {
				ALWAYS_SEARCH_USER_PATHS = NO;
				CLANG_ANALYZER_NONNULL = YES;
				CLANG_ANALYZER_NUMBER_OBJECT_CONVERSION = YES_AGGRESSIVE;
				CLANG_CXX_LANGUAGE_STANDARD = "gnu++17";
				CLANG_ENABLE_MODULES = YES;
				CLANG_ENABLE_OBJC_ARC = YES;
				CLANG_ENABLE_OBJC_WEAK = YES;
				CLANG_WARN_BLOCK_CAPTURE_AUTORELEASING = YES;
				CLANG_WARN_BOOL_CONVERSION = YES;
				CLANG_WARN_COMMA = YES;
				CLANG_WARN_CONSTANT_CONVERSION = YES;
				CLANG_WARN_DEPRECATED_OBJC_IMPLEMENTATIONS = YES;
				CLANG_WARN_DIRECT_OBJC_ISA_USAGE = YES_ERROR;
				CLANG_WARN_DOCUMENTATION_COMMENTS = YES;
				CLANG_WARN_EMPTY_BODY = YES;
				CLANG_WARN_ENUM_CONVERSION = YES;
				CLANG_WARN_INFINITE_RECURSION = YES;
				CLANG_WARN_INT_CONVERSION = YES;
				CLANG_WARN_NON_LITERAL_NULL_CONVERSION = YES;
				CLANG_WARN_OBJC_IMPLICIT_RETAIN_SELF = YES;
				CLANG_WARN_OBJC_LITERAL_CONVERSION = YES;
				CLANG_WARN_OBJC_ROOT_CLASS = YES_ERROR;
				CLANG_WARN_QUOTED_INCLUDE_IN_FRAMEWORK_HEADER = YES;
				CLANG_WARN_RANGE_LOOP_ANALYSIS = YES;
				CLANG_WARN_STRICT_PROTOTYPES = YES;
				CLANG_WARN_SUSPICIOUS_MOVE = YES;
				CLANG_WARN_UNGUARDED_AVAILABILITY = YES_AGGRESSIVE;
				CLANG_WARN_UNREACHABLE_CODE = YES;
				CLANG_WARN__DUPLICATE_METHOD_MATCH = YES;
				COPY_PHASE_STRIP = NO;
				DEBUG_INFORMATION_FORMAT = dwarf;
				ENABLE_STRICT_OBJC_MSGSEND = YES;
				ENABLE_TESTABILITY = YES;
				GCC_C_LANGUAGE_STANDARD = gnu11;
				GCC_DYNAMIC_NO_PIC = NO;
				GCC_NO_COMMON_BLOCKS = YES;
				GCC_OPTIMIZATION_LEVEL = 0;
				GCC_PREPROCESSOR_DEFINITIONS = (
					"DEBUG=1",
					"$(inherited)",
				);
				GCC_WARN_64_TO_32_BIT_CONVERSION = YES;
				GCC_WARN_ABOUT_RETURN_TYPE = YES_ERROR;
				GCC_WARN_UNDECLARED_SELECTOR = YES;
				GCC_WARN_UNINITIALIZED_AUTOS = YES_AGGRESSIVE;
				GCC_WARN_UNUSED_FUNCTION = YES;
				GCC_WARN_UNUSED_VARIABLE = YES;
				IPHONEOS_DEPLOYMENT_TARGET = 15.5;
				MTL_ENABLE_DEBUG_INFO = INCLUDE_SOURCE;
				MTL_FAST_MATH = YES;
				ONLY_ACTIVE_ARCH = YES;
				SDKROOT = iphoneos;
				SWIFT_ACTIVE_COMPILATION_CONDITIONS = DEBUG;
				SWIFT_OPTIMIZATION_LEVEL = "-Onone";
			};
			name = Debug;
		};
		02C7916C28A53D4800E3EE7B /* Release */ = {
			isa = XCBuildConfiguration;
			buildSettings = {
				ALWAYS_SEARCH_USER_PATHS = NO;
				CLANG_ANALYZER_NONNULL = YES;
				CLANG_ANALYZER_NUMBER_OBJECT_CONVERSION = YES_AGGRESSIVE;
				CLANG_CXX_LANGUAGE_STANDARD = "gnu++17";
				CLANG_ENABLE_MODULES = YES;
				CLANG_ENABLE_OBJC_ARC = YES;
				CLANG_ENABLE_OBJC_WEAK = YES;
				CLANG_WARN_BLOCK_CAPTURE_AUTORELEASING = YES;
				CLANG_WARN_BOOL_CONVERSION = YES;
				CLANG_WARN_COMMA = YES;
				CLANG_WARN_CONSTANT_CONVERSION = YES;
				CLANG_WARN_DEPRECATED_OBJC_IMPLEMENTATIONS = YES;
				CLANG_WARN_DIRECT_OBJC_ISA_USAGE = YES_ERROR;
				CLANG_WARN_DOCUMENTATION_COMMENTS = YES;
				CLANG_WARN_EMPTY_BODY = YES;
				CLANG_WARN_ENUM_CONVERSION = YES;
				CLANG_WARN_INFINITE_RECURSION = YES;
				CLANG_WARN_INT_CONVERSION = YES;
				CLANG_WARN_NON_LITERAL_NULL_CONVERSION = YES;
				CLANG_WARN_OBJC_IMPLICIT_RETAIN_SELF = YES;
				CLANG_WARN_OBJC_LITERAL_CONVERSION = YES;
				CLANG_WARN_OBJC_ROOT_CLASS = YES_ERROR;
				CLANG_WARN_QUOTED_INCLUDE_IN_FRAMEWORK_HEADER = YES;
				CLANG_WARN_RANGE_LOOP_ANALYSIS = YES;
				CLANG_WARN_STRICT_PROTOTYPES = YES;
				CLANG_WARN_SUSPICIOUS_MOVE = YES;
				CLANG_WARN_UNGUARDED_AVAILABILITY = YES_AGGRESSIVE;
				CLANG_WARN_UNREACHABLE_CODE = YES;
				CLANG_WARN__DUPLICATE_METHOD_MATCH = YES;
				COPY_PHASE_STRIP = NO;
				DEBUG_INFORMATION_FORMAT = "dwarf-with-dsym";
				ENABLE_NS_ASSERTIONS = NO;
				ENABLE_STRICT_OBJC_MSGSEND = YES;
				GCC_C_LANGUAGE_STANDARD = gnu11;
				GCC_NO_COMMON_BLOCKS = YES;
				GCC_WARN_64_TO_32_BIT_CONVERSION = YES;
				GCC_WARN_ABOUT_RETURN_TYPE = YES_ERROR;
				GCC_WARN_UNDECLARED_SELECTOR = YES;
				GCC_WARN_UNINITIALIZED_AUTOS = YES_AGGRESSIVE;
				GCC_WARN_UNUSED_FUNCTION = YES;
				GCC_WARN_UNUSED_VARIABLE = YES;
				IPHONEOS_DEPLOYMENT_TARGET = 15.5;
				MTL_ENABLE_DEBUG_INFO = NO;
				MTL_FAST_MATH = YES;
				SDKROOT = iphoneos;
				SWIFT_COMPILATION_MODE = wholemodule;
				SWIFT_OPTIMIZATION_LEVEL = "-O";
				VALIDATE_PRODUCT = YES;
			};
			name = Release;
		};
		02C7916E28A53D4800E3EE7B /* Debug */ = {
			isa = XCBuildConfiguration;
			buildSettings = {
				ASSETCATALOG_COMPILER_APPICON_NAME = AppIcon;
				ASSETCATALOG_COMPILER_GLOBAL_ACCENT_COLOR_NAME = AccentColor;
				CODE_SIGN_STYLE = Automatic;
				CURRENT_PROJECT_VERSION = 1;
				DEVELOPMENT_TEAM = FY9CG36ADK;
				GENERATE_INFOPLIST_FILE = YES;
				INFOPLIST_FILE = ChatAppIOS/Info.plist;
				INFOPLIST_KEY_UIApplicationSupportsIndirectInputEvents = YES;
				INFOPLIST_KEY_UILaunchStoryboardName = LaunchScreen;
				INFOPLIST_KEY_UIMainStoryboardFile = Main;
				INFOPLIST_KEY_UISupportedInterfaceOrientations_iPad = "UIInterfaceOrientationPortrait UIInterfaceOrientationPortraitUpsideDown UIInterfaceOrientationLandscapeLeft UIInterfaceOrientationLandscapeRight";
				INFOPLIST_KEY_UISupportedInterfaceOrientations_iPhone = "UIInterfaceOrientationPortrait UIInterfaceOrientationLandscapeLeft UIInterfaceOrientationLandscapeRight";
				LD_RUNPATH_SEARCH_PATHS = (
					"$(inherited)",
					"@executable_path/Frameworks",
				);
				MARKETING_VERSION = 1.0;
				PRODUCT_BUNDLE_IDENTIFIER = ZZ.ChatAppIOS;
				PRODUCT_NAME = "$(TARGET_NAME)";
				SWIFT_EMIT_LOC_STRINGS = YES;
				SWIFT_VERSION = 5.0;
				TARGETED_DEVICE_FAMILY = "1,2";
			};
			name = Debug;
		};
		02C7916F28A53D4800E3EE7B /* Release */ = {
			isa = XCBuildConfiguration;
			buildSettings = {
				ASSETCATALOG_COMPILER_APPICON_NAME = AppIcon;
				ASSETCATALOG_COMPILER_GLOBAL_ACCENT_COLOR_NAME = AccentColor;
				CODE_SIGN_STYLE = Automatic;
				CURRENT_PROJECT_VERSION = 1;
				DEVELOPMENT_TEAM = FY9CG36ADK;
				GENERATE_INFOPLIST_FILE = YES;
				INFOPLIST_FILE = ChatAppIOS/Info.plist;
				INFOPLIST_KEY_UIApplicationSupportsIndirectInputEvents = YES;
				INFOPLIST_KEY_UILaunchStoryboardName = LaunchScreen;
				INFOPLIST_KEY_UIMainStoryboardFile = Main;
				INFOPLIST_KEY_UISupportedInterfaceOrientations_iPad = "UIInterfaceOrientationPortrait UIInterfaceOrientationPortraitUpsideDown UIInterfaceOrientationLandscapeLeft UIInterfaceOrientationLandscapeRight";
				INFOPLIST_KEY_UISupportedInterfaceOrientations_iPhone = "UIInterfaceOrientationPortrait UIInterfaceOrientationLandscapeLeft UIInterfaceOrientationLandscapeRight";
				LD_RUNPATH_SEARCH_PATHS = (
					"$(inherited)",
					"@executable_path/Frameworks",
				);
				MARKETING_VERSION = 1.0;
				PRODUCT_BUNDLE_IDENTIFIER = ZZ.ChatAppIOS;
				PRODUCT_NAME = "$(TARGET_NAME)";
				SWIFT_EMIT_LOC_STRINGS = YES;
				SWIFT_VERSION = 5.0;
				TARGETED_DEVICE_FAMILY = "1,2";
			};
			name = Release;
		};
/* End XCBuildConfiguration section */

/* Begin XCConfigurationList section */
		02C7915428A53D4800E3EE7B /* Build configuration list for PBXProject "ChatAppIOS" */ = {
			isa = XCConfigurationList;
			buildConfigurations = (
				02C7916B28A53D4800E3EE7B /* Debug */,
				02C7916C28A53D4800E3EE7B /* Release */,
			);
			defaultConfigurationIsVisible = 0;
			defaultConfigurationName = Release;
		};
		02C7916D28A53D4800E3EE7B /* Build configuration list for PBXNativeTarget "ChatAppIOS" */ = {
			isa = XCConfigurationList;
			buildConfigurations = (
				02C7916E28A53D4800E3EE7B /* Debug */,
				02C7916F28A53D4800E3EE7B /* Release */,
			);
			defaultConfigurationIsVisible = 0;
			defaultConfigurationName = Release;
		};
/* End XCConfigurationList section */

/* Begin XCRemoteSwiftPackageReference section */
		02280D3928A60710008EA27A /* XCRemoteSwiftPackageReference "SDWebImage" */ = {
			isa = XCRemoteSwiftPackageReference;
			repositoryURL = "https://github.com/SDWebImage/SDWebImage.git";
			requirement = {
				kind = upToNextMajorVersion;
				minimumVersion = 5.0.0;
			};
		};
		02280D4028A64983008EA27A /* XCRemoteSwiftPackageReference "MessageKit" */ = {
			isa = XCRemoteSwiftPackageReference;
			repositoryURL = "https://github.com/MessageKit/MessageKit.git";
			requirement = {
				kind = upToNextMajorVersion;
				minimumVersion = 4.0.0;
			};
		};
		02280D4528A65F23008EA27A /* XCRemoteSwiftPackageReference "InputBarAccessoryView" */ = {
			isa = XCRemoteSwiftPackageReference;
			repositoryURL = "https://github.com/nathantannar4/InputBarAccessoryView.git";
			requirement = {
				kind = upToNextMajorVersion;
				minimumVersion = 6.0.0;
			};
		};
		02A8789828AD0F0000C4CB2D /* XCRemoteSwiftPackageReference "YPImagePicker" */ = {
			isa = XCRemoteSwiftPackageReference;
			repositoryURL = "https://github.com/Yummypets/YPImagePicker.git";
			requirement = {
				kind = upToNextMajorVersion;
				minimumVersion = 5.0.0;
			};
		};
		02C7917E28A53ED800E3EE7B /* XCRemoteSwiftPackageReference "IQKeyboardManager" */ = {
			isa = XCRemoteSwiftPackageReference;
			repositoryURL = "https://github.com/hackiftekhar/IQKeyboardManager.git";
			requirement = {
				kind = exactVersion;
				version = 6.5.0;
			};
		};
		02C7918528A53FDC00E3EE7B /* XCRemoteSwiftPackageReference "NVActivityIndicatorView" */ = {
			isa = XCRemoteSwiftPackageReference;
			repositoryURL = "https://github.com/ninjaprox/NVActivityIndicatorView.git";
			requirement = {
				kind = upToNextMajorVersion;
				minimumVersion = 5.0.0;
			};
		};
		02C7919628A54F4C00E3EE7B /* XCRemoteSwiftPackageReference "LTHRadioButton" */ = {
			isa = XCRemoteSwiftPackageReference;
			repositoryURL = "https://github.com/rolandleth/LTHRadioButton.git";
			requirement = {
				branch = master;
				kind = branch;
			};
		};
		02C7919928A551A800E3EE7B /* XCRemoteSwiftPackageReference "Toast-Swift" */ = {
			isa = XCRemoteSwiftPackageReference;
			repositoryURL = "https://github.com/scalessec/Toast-Swift.git";
			requirement = {
				kind = upToNextMajorVersion;
				minimumVersion = 5.0.0;
			};
		};
		02C791A228A560D300E3EE7B /* XCRemoteSwiftPackageReference "firebase-ios-sdk" */ = {
			isa = XCRemoteSwiftPackageReference;
			repositoryURL = "https://github.com/firebase/firebase-ios-sdk";
			requirement = {
				kind = upToNextMajorVersion;
				minimumVersion = 9.0.0;
			};
		};
/* End XCRemoteSwiftPackageReference section */

/* Begin XCSwiftPackageProductDependency section */
		02280D3A28A60710008EA27A /* SDWebImage */ = {
			isa = XCSwiftPackageProductDependency;
			package = 02280D3928A60710008EA27A /* XCRemoteSwiftPackageReference "SDWebImage" */;
			productName = SDWebImage;
		};
		02280D4128A64983008EA27A /* MessageKit */ = {
			isa = XCSwiftPackageProductDependency;
			package = 02280D4028A64983008EA27A /* XCRemoteSwiftPackageReference "MessageKit" */;
			productName = MessageKit;
		};
		02280D4628A65F23008EA27A /* InputBarAccessoryView */ = {
			isa = XCSwiftPackageProductDependency;
			package = 02280D4528A65F23008EA27A /* XCRemoteSwiftPackageReference "InputBarAccessoryView" */;
			productName = InputBarAccessoryView;
		};
		02A8789928AD0F0000C4CB2D /* YPImagePicker */ = {
			isa = XCSwiftPackageProductDependency;
			package = 02A8789828AD0F0000C4CB2D /* XCRemoteSwiftPackageReference "YPImagePicker" */;
			productName = YPImagePicker;
		};
		02C7917F28A53ED800E3EE7B /* IQKeyboardManagerSwift */ = {
			isa = XCSwiftPackageProductDependency;
			package = 02C7917E28A53ED800E3EE7B /* XCRemoteSwiftPackageReference "IQKeyboardManager" */;
			productName = IQKeyboardManagerSwift;
		};
		02C7918628A53FDC00E3EE7B /* NVActivityIndicatorView */ = {
			isa = XCSwiftPackageProductDependency;
			package = 02C7918528A53FDC00E3EE7B /* XCRemoteSwiftPackageReference "NVActivityIndicatorView" */;
			productName = NVActivityIndicatorView;
		};
		02C7919728A54F4C00E3EE7B /* LTHRadioButton */ = {
			isa = XCSwiftPackageProductDependency;
			package = 02C7919628A54F4C00E3EE7B /* XCRemoteSwiftPackageReference "LTHRadioButton" */;
			productName = LTHRadioButton;
		};
		02C7919A28A551A800E3EE7B /* Toast */ = {
			isa = XCSwiftPackageProductDependency;
			package = 02C7919928A551A800E3EE7B /* XCRemoteSwiftPackageReference "Toast-Swift" */;
			productName = Toast;
		};
		02C791A328A560D300E3EE7B /* FirebaseAnalytics */ = {
			isa = XCSwiftPackageProductDependency;
			package = 02C791A228A560D300E3EE7B /* XCRemoteSwiftPackageReference "firebase-ios-sdk" */;
			productName = FirebaseAnalytics;
		};
		02C791A528A560D300E3EE7B /* FirebaseAuth */ = {
			isa = XCSwiftPackageProductDependency;
			package = 02C791A228A560D300E3EE7B /* XCRemoteSwiftPackageReference "firebase-ios-sdk" */;
			productName = FirebaseAuth;
		};
		02C791A728A560D300E3EE7B /* FirebaseDatabase */ = {
			isa = XCSwiftPackageProductDependency;
			package = 02C791A228A560D300E3EE7B /* XCRemoteSwiftPackageReference "firebase-ios-sdk" */;
			productName = FirebaseDatabase;
		};
		02C791A928A560D300E3EE7B /* FirebaseStorage */ = {
			isa = XCSwiftPackageProductDependency;
			package = 02C791A228A560D300E3EE7B /* XCRemoteSwiftPackageReference "firebase-ios-sdk" */;
			productName = FirebaseStorage;
		};
/* End XCSwiftPackageProductDependency section */
	};
	rootObject = 02C7915128A53D4800E3EE7B /* Project object */;
}
